# THIS IS AN AUTOGENERATED FILE. DO NOT EDIT THIS FILE DIRECTLY.
# yarn lockfile v1


nan@^2.17.0:
  version "2.22.2"
  resolved "https://registry.yarnpkg.com/nan/-/nan-2.22.2.tgz#6b504fd029fb8f38c0990e52ad5c26772fdacfbb"
  integrity sha512-DANghxFkS1plDdRsX0X9pm0Z6SJNN6gBdtXfanwoZ8hooC5gosGFSBGRYHUVPz1asKA/kMRqDRdHrluZ61SpBQ==

node-addon-api@^8.2.2:
  version "8.3.1"
  resolved "https://registry.yarnpkg.com/node-addon-api/-/node-addon-api-8.3.1.tgz#53bc8a4f8dbde3de787b9828059da94ba9fd4eed"
  integrity sha512-lytcDEdxKjGJPTLEfW4mYMigRezMlyJY8W4wxJK8zE533Jlb8L8dRuObJFWg2P+AuOIxoCgKF+2Oq4d4Zd0OUA==

node-gyp-build@^4.8.2:
  version "4.8.4"
  resolved "https://registry.yarnpkg.com/node-gyp-build/-/node-gyp-build-4.8.4.tgz#8a70ee85464ae52327772a90d66c6077a900cfc8"
  integrity sha512-LA4ZjwlnUblHVgq0oBF3Jl/6h/Nvs5fzBLwdEF4nuxnFdsfajde4WfxtJr3CaiH+F6ewcIB/q4jQ4UzPyid+CQ==

tree-sitter-cli@^0.25.6:
  version "0.25.6"
  resolved "https://registry.yarnpkg.com/tree-sitter-cli/-/tree-sitter-cli-0.25.6.tgz#be74e9f16e64b0e8dfa21c0d3435857b0111e650"
  integrity sha512-UhkXRkMPtBgE4OatZtYVtDsT3HFUliqAJcs49XQaZv8d2sbeTzEhpJVpMaCqBR3HGhb1WpyoodaFXQaMuOLPEg==
